
Microsoft Visual Studio Solution File, Format Version 12.00
# Visual Studio Version 17
VisualStudioVersion = 17.0.31903.59
MinimumVisualStudioVersion = 10.0.40219.1
Project("{FAE04EC0-301F-11D3-BF4B-00C04F79EFBC}") = "Agentspan", "src\Agentspan\Agentspan.csproj", "{A1B2C3D4-E5F6-7890-ABCD-EF1234567890}"
EndProject
Project("{FAE04EC0-301F-11D3-BF4B-00C04F79EFBC}") = "Example01BasicAgent", "examples\01_BasicAgent\Example01BasicAgent.csproj", "{B2C3D4E5-F6A7-8901-BCDE-F12345678901}"
EndProject
Project("{FAE04EC0-301F-11D3-BF4B-00C04F79EFBC}") = "Example02Tools", "examples\02_Tools\Example02Tools.csproj", "{C3D4E5F6-A7B8-9012-CDEF-123456789012}"
EndProject
Project("{FAE04EC0-301F-11D3-BF4B-00C04F79EFBC}") = "Example02aSimpleTools", "examples\02a_SimpleTools\Example02aSimpleTools.csproj", "{D4E5F6A7-B8C9-0123-DEF0-234567890123}"
EndProject
Project("{FAE04EC0-301F-11D3-BF4B-00C04F79EFBC}") = "Example05Handoffs", "examples\05_Handoffs\Example05Handoffs.csproj", "{E5F6A7B8-C9D0-1234-EF01-345678901234}"
EndProject
Project("{FAE04EC0-301F-11D3-BF4B-00C04F79EFBC}") = "Example06SequentialPipeline", "examples\06_SequentialPipeline\Example06SequentialPipeline.csproj", "{F6A7B8C9-D0E1-2345-F012-456789012345}"
EndProject
Project("{FAE04EC0-301F-11D3-BF4B-00C04F79EFBC}") = "Example07ParallelAgents", "examples\07_ParallelAgents\Example07ParallelAgents.csproj", "{A7B8C9D0-E1F2-3456-0123-567890123456}"
EndProject
Project("{FAE04EC0-301F-11D3-BF4B-00C04F79EFBC}") = "Example08RouterAgent", "examples\08_RouterAgent\Example08RouterAgent.csproj", "{B8C9D0E1-F2A3-4567-1234-678901234567}"
EndProject
Project("{2150E333-8FDC-42A3-9474-1A3956D46DE8}") = "examples", "examples", "{B36A84DF-456D-A817-6EDD-3EC3E7F6E11F}"
EndProject
Project("{2150E333-8FDC-42A3-9474-1A3956D46DE8}") = "03_StructuredOutput", "03_StructuredOutput", "{6F9364A3-C6D6-EFE8-99D6-B7B31EF64FD0}"
EndProject
Project("{FAE04EC0-301F-11D3-BF4B-00C04F79EFBC}") = "Example03StructuredOutput", "examples\03_StructuredOutput\Example03StructuredOutput.csproj", "{D895AC16-DE98-47F6-A2A1-B60E51331B6A}"
EndProject
Project("{2150E333-8FDC-42A3-9474-1A3956D46DE8}") = "src", "src", "{827E0CD3-B72D-47B6-A68D-7590B98EB39B}"
EndProject
Project("{2150E333-8FDC-42A3-9474-1A3956D46DE8}") = "04_HttpTools", "04_HttpTools", "{0485896A-3616-A443-D9E1-5B8343974EA5}"
EndProject
Project("{FAE04EC0-301F-11D3-BF4B-00C04F79EFBC}") = "Example04HttpTools", "examples\04_HttpTools\Example04HttpTools.csproj", "{F971595B-1775-483B-B95F-2BDCB06DD838}"
EndProject
Project("{2150E333-8FDC-42A3-9474-1A3956D46DE8}") = "09_HumanInTheLoop", "09_HumanInTheLoop", "{DEEFC28E-9933-38F0-CDF5-DD4D28CB94B3}"
EndProject
Project("{FAE04EC0-301F-11D3-BF4B-00C04F79EFBC}") = "Example09HumanInTheLoop", "examples\09_HumanInTheLoop\Example09HumanInTheLoop.csproj", "{09D24DA6-AD95-4733-BC20-82557B5EDA1F}"
EndProject
Project("{2150E333-8FDC-42A3-9474-1A3956D46DE8}") = "10_Guardrails", "10_Guardrails", "{EFB637EC-FEF1-963F-B7D5-51E6E3E2B196}"
EndProject
Project("{FAE04EC0-301F-11D3-BF4B-00C04F79EFBC}") = "Example10Guardrails", "examples\10_Guardrails\Example10Guardrails.csproj", "{3172FA1A-C222-45BC-923B-DD6E0226F98D}"
EndProject
Project("{2150E333-8FDC-42A3-9474-1A3956D46DE8}") = "11_Streaming", "11_Streaming", "{2AF610B6-1D24-C241-51B7-02A227B83EC3}"
EndProject
Project("{FAE04EC0-301F-11D3-BF4B-00C04F79EFBC}") = "Example11Streaming", "examples\11_Streaming\Example11Streaming.csproj", "{37E9B69F-F8E8-4FC9-B3DE-01D0A0BE4FE1}"
EndProject
Project("{2150E333-8FDC-42A3-9474-1A3956D46DE8}") = "13_HierarchicalAgents", "13_HierarchicalAgents", "{F8994FDD-BF36-4061-E37A-F891F49711A4}"
EndProject
Project("{FAE04EC0-301F-11D3-BF4B-00C04F79EFBC}") = "Example13HierarchicalAgents", "examples\13_HierarchicalAgents\Example13HierarchicalAgents.csproj", "{F4E7E4D3-896D-4F5C-8061-61B1163C452A}"
EndProject
Project("{2150E333-8FDC-42A3-9474-1A3956D46DE8}") = "16_Credentials", "16_Credentials", "{C4BA275E-8F22-BA93-4134-F75D846A2A9A}"
EndProject
Project("{FAE04EC0-301F-11D3-BF4B-00C04F79EFBC}") = "Example16Credentials", "examples\16_Credentials\Example16Credentials.csproj", "{2F942470-AD19-4230-93A6-772C4F38986D}"
EndProject
Project("{2150E333-8FDC-42A3-9474-1A3956D46DE8}") = "51_SharedState", "51_SharedState", "{384EA711-D10F-262B-1FC3-A512DED672F3}"
EndProject
Project("{FAE04EC0-301F-11D3-BF4B-00C04F79EFBC}") = "Example51SharedState", "examples\51_SharedState\Example51SharedState.csproj", "{916012B5-9639-4BBB-8DEE-19A5F6FE6857}"
EndProject
Project("{2150E333-8FDC-42A3-9474-1A3956D46DE8}") = "tests", "tests", "{0AB3BF05-4346-4AA6-1389-037BE0695223}"
EndProject
Project("{FAE04EC0-301F-11D3-BF4B-00C04F79EFBC}") = "AgentspanE2eTests", "tests\AgentspanE2eTests\AgentspanE2eTests.csproj", "{46E0088C-08B7-40A8-AA90-1F7CA3BE9137}"
EndProject
Global
	GlobalSection(SolutionConfigurationPlatforms) = preSolution
		Debug|Any CPU = Debug|Any CPU
		Debug|x64 = Debug|x64
		Debug|x86 = Debug|x86
		Release|Any CPU = Release|Any CPU
		Release|x64 = Release|x64
		Release|x86 = Release|x86
	EndGlobalSection
	GlobalSection(ProjectConfigurationPlatforms) = postSolution
		{A1B2C3D4-E5F6-7890-ABCD-EF1234567890}.Debug|Any CPU.ActiveCfg = Debug|Any CPU
		{A1B2C3D4-E5F6-7890-ABCD-EF1234567890}.Debug|Any CPU.Build.0 = Debug|Any CPU
		{A1B2C3D4-E5F6-7890-ABCD-EF1234567890}.Debug|x64.ActiveCfg = Debug|Any CPU
		{A1B2C3D4-E5F6-7890-ABCD-EF1234567890}.Debug|x64.Build.0 = Debug|Any CPU
		{A1B2C3D4-E5F6-7890-ABCD-EF1234567890}.Debug|x86.ActiveCfg = Debug|Any CPU
		{A1B2C3D4-E5F6-7890-ABCD-EF1234567890}.Debug|x86.Build.0 = Debug|Any CPU
		{A1B2C3D4-E5F6-7890-ABCD-EF1234567890}.Release|Any CPU.ActiveCfg = Release|Any CPU
		{A1B2C3D4-E5F6-7890-ABCD-EF1234567890}.Release|Any CPU.Build.0 = Release|Any CPU
		{A1B2C3D4-E5F6-7890-ABCD-EF1234567890}.Release|x64.ActiveCfg = Release|Any CPU
		{A1B2C3D4-E5F6-7890-ABCD-EF1234567890}.Release|x64.Build.0 = Release|Any CPU
		{A1B2C3D4-E5F6-7890-ABCD-EF1234567890}.Release|x86.ActiveCfg = Release|Any CPU
		{A1B2C3D4-E5F6-7890-ABCD-EF1234567890}.Release|x86.Build.0 = Release|Any CPU
		{B2C3D4E5-F6A7-8901-BCDE-F12345678901}.Debug|Any CPU.ActiveCfg = Debug|Any CPU
		{B2C3D4E5-F6A7-8901-BCDE-F12345678901}.Debug|Any CPU.Build.0 = Debug|Any CPU
		{B2C3D4E5-F6A7-8901-BCDE-F12345678901}.Debug|x64.ActiveCfg = Debug|Any CPU
		{B2C3D4E5-F6A7-8901-BCDE-F12345678901}.Debug|x64.Build.0 = Debug|Any CPU
		{B2C3D4E5-F6A7-8901-BCDE-F12345678901}.Debug|x86.ActiveCfg = Debug|Any CPU
		{B2C3D4E5-F6A7-8901-BCDE-F12345678901}.Debug|x86.Build.0 = Debug|Any CPU
		{B2C3D4E5-F6A7-8901-BCDE-F12345678901}.Release|Any CPU.ActiveCfg = Release|Any CPU
		{B2C3D4E5-F6A7-8901-BCDE-F12345678901}.Release|Any CPU.Build.0 = Release|Any CPU
		{B2C3D4E5-F6A7-8901-BCDE-F12345678901}.Release|x64.ActiveCfg = Release|Any CPU
		{B2C3D4E5-F6A7-8901-BCDE-F12345678901}.Release|x64.Build.0 = Release|Any CPU
		{B2C3D4E5-F6A7-8901-BCDE-F12345678901}.Release|x86.ActiveCfg = Release|Any CPU
		{B2C3D4E5-F6A7-8901-BCDE-F12345678901}.Release|x86.Build.0 = Release|Any CPU
		{C3D4E5F6-A7B8-9012-CDEF-123456789012}.Debug|Any CPU.ActiveCfg = Debug|Any CPU
		{C3D4E5F6-A7B8-9012-CDEF-123456789012}.Debug|Any CPU.Build.0 = Debug|Any CPU
		{C3D4E5F6-A7B8-9012-CDEF-123456789012}.Debug|x64.ActiveCfg = Debug|Any CPU
		{C3D4E5F6-A7B8-9012-CDEF-123456789012}.Debug|x64.Build.0 = Debug|Any CPU
		{C3D4E5F6-A7B8-9012-CDEF-123456789012}.Debug|x86.ActiveCfg = Debug|Any CPU
		{C3D4E5F6-A7B8-9012-CDEF-123456789012}.Debug|x86.Build.0 = Debug|Any CPU
		{C3D4E5F6-A7B8-9012-CDEF-123456789012}.Release|Any CPU.ActiveCfg = Release|Any CPU
		{C3D4E5F6-A7B8-9012-CDEF-123456789012}.Release|Any CPU.Build.0 = Release|Any CPU
		{C3D4E5F6-A7B8-9012-CDEF-123456789012}.Release|x64.ActiveCfg = Release|Any CPU
		{C3D4E5F6-A7B8-9012-CDEF-123456789012}.Release|x64.Build.0 = Release|Any CPU
		{C3D4E5F6-A7B8-9012-CDEF-123456789012}.Release|x86.ActiveCfg = Release|Any CPU
		{C3D4E5F6-A7B8-9012-CDEF-123456789012}.Release|x86.Build.0 = Release|Any CPU
		{D4E5F6A7-B8C9-0123-DEF0-234567890123}.Debug|Any CPU.ActiveCfg = Debug|Any CPU
		{D4E5F6A7-B8C9-0123-DEF0-234567890123}.Debug|Any CPU.Build.0 = Debug|Any CPU
		{D4E5F6A7-B8C9-0123-DEF0-234567890123}.Debug|x64.ActiveCfg = Debug|Any CPU
		{D4E5F6A7-B8C9-0123-DEF0-234567890123}.Debug|x64.Build.0 = Debug|Any CPU
		{D4E5F6A7-B8C9-0123-DEF0-234567890123}.Debug|x86.ActiveCfg = Debug|Any CPU
		{D4E5F6A7-B8C9-0123-DEF0-234567890123}.Debug|x86.Build.0 = Debug|Any CPU
		{D4E5F6A7-B8C9-0123-DEF0-234567890123}.Release|Any CPU.ActiveCfg = Release|Any CPU
		{D4E5F6A7-B8C9-0123-DEF0-234567890123}.Release|Any CPU.Build.0 = Release|Any CPU
		{D4E5F6A7-B8C9-0123-DEF0-234567890123}.Release|x64.ActiveCfg = Release|Any CPU
		{D4E5F6A7-B8C9-0123-DEF0-234567890123}.Release|x64.Build.0 = Release|Any CPU
		{D4E5F6A7-B8C9-0123-DEF0-234567890123}.Release|x86.ActiveCfg = Release|Any CPU
		{D4E5F6A7-B8C9-0123-DEF0-234567890123}.Release|x86.Build.0 = Release|Any CPU
		{E5F6A7B8-C9D0-1234-EF01-345678901234}.Debug|Any CPU.ActiveCfg = Debug|Any CPU
		{E5F6A7B8-C9D0-1234-EF01-345678901234}.Debug|Any CPU.Build.0 = Debug|Any CPU
		{E5F6A7B8-C9D0-1234-EF01-345678901234}.Debug|x64.ActiveCfg = Debug|Any CPU
		{E5F6A7B8-C9D0-1234-EF01-345678901234}.Debug|x64.Build.0 = Debug|Any CPU
		{E5F6A7B8-C9D0-1234-EF01-345678901234}.Debug|x86.ActiveCfg = Debug|Any CPU
		{E5F6A7B8-C9D0-1234-EF01-345678901234}.Debug|x86.Build.0 = Debug|Any CPU
		{E5F6A7B8-C9D0-1234-EF01-345678901234}.Release|Any CPU.ActiveCfg = Release|Any CPU
		{E5F6A7B8-C9D0-1234-EF01-345678901234}.Release|Any CPU.Build.0 = Release|Any CPU
		{E5F6A7B8-C9D0-1234-EF01-345678901234}.Release|x64.ActiveCfg = Release|Any CPU
		{E5F6A7B8-C9D0-1234-EF01-345678901234}.Release|x64.Build.0 = Release|Any CPU
		{E5F6A7B8-C9D0-1234-EF01-345678901234}.Release|x86.ActiveCfg = Release|Any CPU
		{E5F6A7B8-C9D0-1234-EF01-345678901234}.Release|x86.Build.0 = Release|Any CPU
		{F6A7B8C9-D0E1-2345-F012-456789012345}.Debug|Any CPU.ActiveCfg = Debug|Any CPU
		{F6A7B8C9-D0E1-2345-F012-456789012345}.Debug|Any CPU.Build.0 = Debug|Any CPU
		{F6A7B8C9-D0E1-2345-F012-456789012345}.Debug|x64.ActiveCfg = Debug|Any CPU
		{F6A7B8C9-D0E1-2345-F012-456789012345}.Debug|x64.Build.0 = Debug|Any CPU
		{F6A7B8C9-D0E1-2345-F012-456789012345}.Debug|x86.ActiveCfg = Debug|Any CPU
		{F6A7B8C9-D0E1-2345-F012-456789012345}.Debug|x86.Build.0 = Debug|Any CPU
		{F6A7B8C9-D0E1-2345-F012-456789012345}.Release|Any CPU.ActiveCfg = Release|Any CPU
		{F6A7B8C9-D0E1-2345-F012-456789012345}.Release|Any CPU.Build.0 = Release|Any CPU
		{F6A7B8C9-D0E1-2345-F012-456789012345}.Release|x64.ActiveCfg = Release|Any CPU
		{F6A7B8C9-D0E1-2345-F012-456789012345}.Release|x64.Build.0 = Release|Any CPU
		{F6A7B8C9-D0E1-2345-F012-456789012345}.Release|x86.ActiveCfg = Release|Any CPU
		{F6A7B8C9-D0E1-2345-F012-456789012345}.Release|x86.Build.0 = Release|Any CPU
		{A7B8C9D0-E1F2-3456-0123-567890123456}.Debug|Any CPU.ActiveCfg = Debug|Any CPU
		{A7B8C9D0-E1F2-3456-0123-567890123456}.Debug|Any CPU.Build.0 = Debug|Any CPU
		{A7B8C9D0-E1F2-3456-0123-567890123456}.Debug|x64.ActiveCfg = Debug|Any CPU
		{A7B8C9D0-E1F2-3456-0123-567890123456}.Debug|x64.Build.0 = Debug|Any CPU
		{A7B8C9D0-E1F2-3456-0123-567890123456}.Debug|x86.ActiveCfg = Debug|Any CPU
		{A7B8C9D0-E1F2-3456-0123-567890123456}.Debug|x86.Build.0 = Debug|Any CPU
		{A7B8C9D0-E1F2-3456-0123-567890123456}.Release|Any CPU.ActiveCfg = Release|Any CPU
		{A7B8C9D0-E1F2-3456-0123-567890123456}.Release|Any CPU.Build.0 = Release|Any CPU
		{A7B8C9D0-E1F2-3456-0123-567890123456}.Release|x64.ActiveCfg = Release|Any CPU
		{A7B8C9D0-E1F2-3456-0123-567890123456}.Release|x64.Build.0 = Release|Any CPU
		{A7B8C9D0-E1F2-3456-0123-567890123456}.Release|x86.ActiveCfg = Release|Any CPU
		{A7B8C9D0-E1F2-3456-0123-567890123456}.Release|x86.Build.0 = Release|Any CPU
		{B8C9D0E1-F2A3-4567-1234-678901234567}.Debug|Any CPU.ActiveCfg = Debug|Any CPU
		{B8C9D0E1-F2A3-4567-1234-678901234567}.Debug|Any CPU.Build.0 = Debug|Any CPU
		{B8C9D0E1-F2A3-4567-1234-678901234567}.Debug|x64.ActiveCfg = Debug|Any CPU
		{B8C9D0E1-F2A3-4567-1234-678901234567}.Debug|x64.Build.0 = Debug|Any CPU
		{B8C9D0E1-F2A3-4567-1234-678901234567}.Debug|x86.ActiveCfg = Debug|Any CPU
		{B8C9D0E1-F2A3-4567-1234-678901234567}.Debug|x86.Build.0 = Debug|Any CPU
		{B8C9D0E1-F2A3-4567-1234-678901234567}.Release|Any CPU.ActiveCfg = Release|Any CPU
		{B8C9D0E1-F2A3-4567-1234-678901234567}.Release|Any CPU.Build.0 = Release|Any CPU
		{B8C9D0E1-F2A3-4567-1234-678901234567}.Release|x64.ActiveCfg = Release|Any CPU
		{B8C9D0E1-F2A3-4567-1234-678901234567}.Release|x64.Build.0 = Release|Any CPU
		{B8C9D0E1-F2A3-4567-1234-678901234567}.Release|x86.ActiveCfg = Release|Any CPU
		{B8C9D0E1-F2A3-4567-1234-678901234567}.Release|x86.Build.0 = Release|Any CPU
		{D895AC16-DE98-47F6-A2A1-B60E51331B6A}.Debug|Any CPU.ActiveCfg = Debug|Any CPU
		{D895AC16-DE98-47F6-A2A1-B60E51331B6A}.Debug|Any CPU.Build.0 = Debug|Any CPU
		{D895AC16-DE98-47F6-A2A1-B60E51331B6A}.Debug|x64.ActiveCfg = Debug|Any CPU
		{D895AC16-DE98-47F6-A2A1-B60E51331B6A}.Debug|x64.Build.0 = Debug|Any CPU
		{D895AC16-DE98-47F6-A2A1-B60E51331B6A}.Debug|x86.ActiveCfg = Debug|Any CPU
		{D895AC16-DE98-47F6-A2A1-B60E51331B6A}.Debug|x86.Build.0 = Debug|Any CPU
		{D895AC16-DE98-47F6-A2A1-B60E51331B6A}.Release|Any CPU.ActiveCfg = Release|Any CPU
		{D895AC16-DE98-47F6-A2A1-B60E51331B6A}.Release|Any CPU.Build.0 = Release|Any CPU
		{D895AC16-DE98-47F6-A2A1-B60E51331B6A}.Release|x64.ActiveCfg = Release|Any CPU
		{D895AC16-DE98-47F6-A2A1-B60E51331B6A}.Release|x64.Build.0 = Release|Any CPU
		{D895AC16-DE98-47F6-A2A1-B60E51331B6A}.Release|x86.ActiveCfg = Release|Any CPU
		{D895AC16-DE98-47F6-A2A1-B60E51331B6A}.Release|x86.Build.0 = Release|Any CPU
		{F971595B-1775-483B-B95F-2BDCB06DD838}.Debug|Any CPU.ActiveCfg = Debug|Any CPU
		{F971595B-1775-483B-B95F-2BDCB06DD838}.Debug|Any CPU.Build.0 = Debug|Any CPU
		{F971595B-1775-483B-B95F-2BDCB06DD838}.Debug|x64.ActiveCfg = Debug|Any CPU
		{F971595B-1775-483B-B95F-2BDCB06DD838}.Debug|x64.Build.0 = Debug|Any CPU
		{F971595B-1775-483B-B95F-2BDCB06DD838}.Debug|x86.ActiveCfg = Debug|Any CPU
		{F971595B-1775-483B-B95F-2BDCB06DD838}.Debug|x86.Build.0 = Debug|Any CPU
		{F971595B-1775-483B-B95F-2BDCB06DD838}.Release|Any CPU.ActiveCfg = Release|Any CPU
		{F971595B-1775-483B-B95F-2BDCB06DD838}.Release|Any CPU.Build.0 = Release|Any CPU
		{F971595B-1775-483B-B95F-2BDCB06DD838}.Release|x64.ActiveCfg = Release|Any CPU
		{F971595B-1775-483B-B95F-2BDCB06DD838}.Release|x64.Build.0 = Release|Any CPU
		{F971595B-1775-483B-B95F-2BDCB06DD838}.Release|x86.ActiveCfg = Release|Any CPU
		{F971595B-1775-483B-B95F-2BDCB06DD838}.Release|x86.Build.0 = Release|Any CPU
		{09D24DA6-AD95-4733-BC20-82557B5EDA1F}.Debug|Any CPU.ActiveCfg = Debug|Any CPU
		{09D24DA6-AD95-4733-BC20-82557B5EDA1F}.Debug|Any CPU.Build.0 = Debug|Any CPU
		{09D24DA6-AD95-4733-BC20-82557B5EDA1F}.Debug|x64.ActiveCfg = Debug|Any CPU
		{09D24DA6-AD95-4733-BC20-82557B5EDA1F}.Debug|x64.Build.0 = Debug|Any CPU
		{09D24DA6-AD95-4733-BC20-82557B5EDA1F}.Debug|x86.ActiveCfg = Debug|Any CPU
		{09D24DA6-AD95-4733-BC20-82557B5EDA1F}.Debug|x86.Build.0 = Debug|Any CPU
		{09D24DA6-AD95-4733-BC20-82557B5EDA1F}.Release|Any CPU.ActiveCfg = Release|Any CPU
		{09D24DA6-AD95-4733-BC20-82557B5EDA1F}.Release|Any CPU.Build.0 = Release|Any CPU
		{09D24DA6-AD95-4733-BC20-82557B5EDA1F}.Release|x64.ActiveCfg = Release|Any CPU
		{09D24DA6-AD95-4733-BC20-82557B5EDA1F}.Release|x64.Build.0 = Release|Any CPU
		{09D24DA6-AD95-4733-BC20-82557B5EDA1F}.Release|x86.ActiveCfg = Release|Any CPU
		{09D24DA6-AD95-4733-BC20-82557B5EDA1F}.Release|x86.Build.0 = Release|Any CPU
		{3172FA1A-C222-45BC-923B-DD6E0226F98D}.Debug|Any CPU.ActiveCfg = Debug|Any CPU
		{3172FA1A-C222-45BC-923B-DD6E0226F98D}.Debug|Any CPU.Build.0 = Debug|Any CPU
		{3172FA1A-C222-45BC-923B-DD6E0226F98D}.Debug|x64.ActiveCfg = Debug|Any CPU
		{3172FA1A-C222-45BC-923B-DD6E0226F98D}.Debug|x64.Build.0 = Debug|Any CPU
		{3172FA1A-C222-45BC-923B-DD6E0226F98D}.Debug|x86.ActiveCfg = Debug|Any CPU
		{3172FA1A-C222-45BC-923B-DD6E0226F98D}.Debug|x86.Build.0 = Debug|Any CPU
		{3172FA1A-C222-45BC-923B-DD6E0226F98D}.Release|Any CPU.ActiveCfg = Release|Any CPU
		{3172FA1A-C222-45BC-923B-DD6E0226F98D}.Release|Any CPU.Build.0 = Release|Any CPU
		{3172FA1A-C222-45BC-923B-DD6E0226F98D}.Release|x64.ActiveCfg = Release|Any CPU
		{3172FA1A-C222-45BC-923B-DD6E0226F98D}.Release|x64.Build.0 = Release|Any CPU
		{3172FA1A-C222-45BC-923B-DD6E0226F98D}.Release|x86.ActiveCfg = Release|Any CPU
		{3172FA1A-C222-45BC-923B-DD6E0226F98D}.Release|x86.Build.0 = Release|Any CPU
		{37E9B69F-F8E8-4FC9-B3DE-01D0A0BE4FE1}.Debug|Any CPU.ActiveCfg = Debug|Any CPU
		{37E9B69F-F8E8-4FC9-B3DE-01D0A0BE4FE1}.Debug|Any CPU.Build.0 = Debug|Any CPU
		{37E9B69F-F8E8-4FC9-B3DE-01D0A0BE4FE1}.Debug|x64.ActiveCfg = Debug|Any CPU
		{37E9B69F-F8E8-4FC9-B3DE-01D0A0BE4FE1}.Debug|x64.Build.0 = Debug|Any CPU
		{37E9B69F-F8E8-4FC9-B3DE-01D0A0BE4FE1}.Debug|x86.ActiveCfg = Debug|Any CPU
		{37E9B69F-F8E8-4FC9-B3DE-01D0A0BE4FE1}.Debug|x86.Build.0 = Debug|Any CPU
		{37E9B69F-F8E8-4FC9-B3DE-01D0A0BE4FE1}.Release|Any CPU.ActiveCfg = Release|Any CPU
		{37E9B69F-F8E8-4FC9-B3DE-01D0A0BE4FE1}.Release|Any CPU.Build.0 = Release|Any CPU
		{37E9B69F-F8E8-4FC9-B3DE-01D0A0BE4FE1}.Release|x64.ActiveCfg = Release|Any CPU
		{37E9B69F-F8E8-4FC9-B3DE-01D0A0BE4FE1}.Release|x64.Build.0 = Release|Any CPU
		{37E9B69F-F8E8-4FC9-B3DE-01D0A0BE4FE1}.Release|x86.ActiveCfg = Release|Any CPU
		{37E9B69F-F8E8-4FC9-B3DE-01D0A0BE4FE1}.Release|x86.Build.0 = Release|Any CPU
		{F4E7E4D3-896D-4F5C-8061-61B1163C452A}.Debug|Any CPU.ActiveCfg = Debug|Any CPU
		{F4E7E4D3-896D-4F5C-8061-61B1163C452A}.Debug|Any CPU.Build.0 = Debug|Any CPU
		{F4E7E4D3-896D-4F5C-8061-61B1163C452A}.Debug|x64.ActiveCfg = Debug|Any CPU
		{F4E7E4D3-896D-4F5C-8061-61B1163C452A}.Debug|x64.Build.0 = Debug|Any CPU
		{F4E7E4D3-896D-4F5C-8061-61B1163C452A}.Debug|x86.ActiveCfg = Debug|Any CPU
		{F4E7E4D3-896D-4F5C-8061-61B1163C452A}.Debug|x86.Build.0 = Debug|Any CPU
		{F4E7E4D3-896D-4F5C-8061-61B1163C452A}.Release|Any CPU.ActiveCfg = Release|Any CPU
		{F4E7E4D3-896D-4F5C-8061-61B1163C452A}.Release|Any CPU.Build.0 = Release|Any CPU
		{F4E7E4D3-896D-4F5C-8061-61B1163C452A}.Release|x64.ActiveCfg = Release|Any CPU
		{F4E7E4D3-896D-4F5C-8061-61B1163C452A}.Release|x64.Build.0 = Release|Any CPU
		{F4E7E4D3-896D-4F5C-8061-61B1163C452A}.Release|x86.ActiveCfg = Release|Any CPU
		{F4E7E4D3-896D-4F5C-8061-61B1163C452A}.Release|x86.Build.0 = Release|Any CPU
		{2F942470-AD19-4230-93A6-772C4F38986D}.Debug|Any CPU.ActiveCfg = Debug|Any CPU
		{2F942470-AD19-4230-93A6-772C4F38986D}.Debug|Any CPU.Build.0 = Debug|Any CPU
		{2F942470-AD19-4230-93A6-772C4F38986D}.Debug|x64.ActiveCfg = Debug|Any CPU
		{2F942470-AD19-4230-93A6-772C4F38986D}.Debug|x64.Build.0 = Debug|Any CPU
		{2F942470-AD19-4230-93A6-772C4F38986D}.Debug|x86.ActiveCfg = Debug|Any CPU
		{2F942470-AD19-4230-93A6-772C4F38986D}.Debug|x86.Build.0 = Debug|Any CPU
		{2F942470-AD19-4230-93A6-772C4F38986D}.Release|Any CPU.ActiveCfg = Release|Any CPU
		{2F942470-AD19-4230-93A6-772C4F38986D}.Release|Any CPU.Build.0 = Release|Any CPU
		{2F942470-AD19-4230-93A6-772C4F38986D}.Release|x64.ActiveCfg = Release|Any CPU
		{2F942470-AD19-4230-93A6-772C4F38986D}.Release|x64.Build.0 = Release|Any CPU
		{2F942470-AD19-4230-93A6-772C4F38986D}.Release|x86.ActiveCfg = Release|Any CPU
		{2F942470-AD19-4230-93A6-772C4F38986D}.Release|x86.Build.0 = Release|Any CPU
		{916012B5-9639-4BBB-8DEE-19A5F6FE6857}.Debug|Any CPU.ActiveCfg = Debug|Any CPU
		{916012B5-9639-4BBB-8DEE-19A5F6FE6857}.Debug|Any CPU.Build.0 = Debug|Any CPU
		{916012B5-9639-4BBB-8DEE-19A5F6FE6857}.Debug|x64.ActiveCfg = Debug|Any CPU
		{916012B5-9639-4BBB-8DEE-19A5F6FE6857}.Debug|x64.Build.0 = Debug|Any CPU
		{916012B5-9639-4BBB-8DEE-19A5F6FE6857}.Debug|x86.ActiveCfg = Debug|Any CPU
		{916012B5-9639-4BBB-8DEE-19A5F6FE6857}.Debug|x86.Build.0 = Debug|Any CPU
		{916012B5-9639-4BBB-8DEE-19A5F6FE6857}.Release|Any CPU.ActiveCfg = Release|Any CPU
		{916012B5-9639-4BBB-8DEE-19A5F6FE6857}.Release|Any CPU.Build.0 = Release|Any CPU
		{916012B5-9639-4BBB-8DEE-19A5F6FE6857}.Release|x64.ActiveCfg = Release|Any CPU
		{916012B5-9639-4BBB-8DEE-19A5F6FE6857}.Release|x64.Build.0 = Release|Any CPU
		{916012B5-9639-4BBB-8DEE-19A5F6FE6857}.Release|x86.ActiveCfg = Release|Any CPU
		{916012B5-9639-4BBB-8DEE-19A5F6FE6857}.Release|x86.Build.0 = Release|Any CPU
		{46E0088C-08B7-40A8-AA90-1F7CA3BE9137}.Debug|Any CPU.ActiveCfg = Debug|Any CPU
		{46E0088C-08B7-40A8-AA90-1F7CA3BE9137}.Debug|Any CPU.Build.0 = Debug|Any CPU
		{46E0088C-08B7-40A8-AA90-1F7CA3BE9137}.Debug|x64.ActiveCfg = Debug|Any CPU
		{46E0088C-08B7-40A8-AA90-1F7CA3BE9137}.Debug|x64.Build.0 = Debug|Any CPU
		{46E0088C-08B7-40A8-AA90-1F7CA3BE9137}.Debug|x86.ActiveCfg = Debug|Any CPU
		{46E0088C-08B7-40A8-AA90-1F7CA3BE9137}.Debug|x86.Build.0 = Debug|Any CPU
		{46E0088C-08B7-40A8-AA90-1F7CA3BE9137}.Release|Any CPU.ActiveCfg = Release|Any CPU
		{46E0088C-08B7-40A8-AA90-1F7CA3BE9137}.Release|Any CPU.Build.0 = Release|Any CPU
		{46E0088C-08B7-40A8-AA90-1F7CA3BE9137}.Release|x64.ActiveCfg = Release|Any CPU
		{46E0088C-08B7-40A8-AA90-1F7CA3BE9137}.Release|x64.Build.0 = Release|Any CPU
		{46E0088C-08B7-40A8-AA90-1F7CA3BE9137}.Release|x86.ActiveCfg = Release|Any CPU
		{46E0088C-08B7-40A8-AA90-1F7CA3BE9137}.Release|x86.Build.0 = Release|Any CPU
	EndGlobalSection
	GlobalSection(SolutionProperties) = preSolution
		HideSolutionNode = FALSE
	EndGlobalSection
	GlobalSection(NestedProjects) = preSolution
		{6F9364A3-C6D6-EFE8-99D6-B7B31EF64FD0} = {B36A84DF-456D-A817-6EDD-3EC3E7F6E11F}
		{D895AC16-DE98-47F6-A2A1-B60E51331B6A} = {6F9364A3-C6D6-EFE8-99D6-B7B31EF64FD0}
		{0485896A-3616-A443-D9E1-5B8343974EA5} = {B36A84DF-456D-A817-6EDD-3EC3E7F6E11F}
		{F971595B-1775-483B-B95F-2BDCB06DD838} = {0485896A-3616-A443-D9E1-5B8343974EA5}
		{DEEFC28E-9933-38F0-CDF5-DD4D28CB94B3} = {B36A84DF-456D-A817-6EDD-3EC3E7F6E11F}
		{09D24DA6-AD95-4733-BC20-82557B5EDA1F} = {DEEFC28E-9933-38F0-CDF5-DD4D28CB94B3}
		{EFB637EC-FEF1-963F-B7D5-51E6E3E2B196} = {B36A84DF-456D-A817-6EDD-3EC3E7F6E11F}
		{3172FA1A-C222-45BC-923B-DD6E0226F98D} = {EFB637EC-FEF1-963F-B7D5-51E6E3E2B196}
		{2AF610B6-1D24-C241-51B7-02A227B83EC3} = {B36A84DF-456D-A817-6EDD-3EC3E7F6E11F}
		{37E9B69F-F8E8-4FC9-B3DE-01D0A0BE4FE1} = {2AF610B6-1D24-C241-51B7-02A227B83EC3}
		{F8994FDD-BF36-4061-E37A-F891F49711A4} = {B36A84DF-456D-A817-6EDD-3EC3E7F6E11F}
		{F4E7E4D3-896D-4F5C-8061-61B1163C452A} = {F8994FDD-BF36-4061-E37A-F891F49711A4}
		{C4BA275E-8F22-BA93-4134-F75D846A2A9A} = {B36A84DF-456D-A817-6EDD-3EC3E7F6E11F}
		{2F942470-AD19-4230-93A6-772C4F38986D} = {C4BA275E-8F22-BA93-4134-F75D846A2A9A}
		{384EA711-D10F-262B-1FC3-A512DED672F3} = {B36A84DF-456D-A817-6EDD-3EC3E7F6E11F}
		{916012B5-9639-4BBB-8DEE-19A5F6FE6857} = {384EA711-D10F-262B-1FC3-A512DED672F3}
		{46E0088C-08B7-40A8-AA90-1F7CA3BE9137} = {0AB3BF05-4346-4AA6-1389-037BE0695223}
	EndGlobalSection
EndGlobal
